{
  "name": "Colossal-Adventure",
  "version": "1.0.0",
  "lockfileVersion": 1,
  "requires": true,
  "dependencies": {
    "console-visualizer": {
      "version": "1.0.6",
      "resolved": "https://registry.npmjs.org/console-visualizer/-/console-visualizer-1.0.6.tgz",
      "integrity": "sha1-Zuk72fZes7N6SsGzyyfbeBbMrcI="
    },
    "readline-sync": {
      "version": "1.4.9",
      "resolved": "https://registry.npmjs.org/readline-sync/-/readline-sync-1.4.9.tgz",
      "integrity": "sha1-PtqOZfI80qF+YTAbHwADOWr17No="
    }
  }
}
